
Microsoft Visual Studio Solution File, Format Version 10.00
# Visual Studio 2008
Project("{8BC9CEB8-8B4A-11D0-8D11-00A0C91BC942}") = "baseBackup", "baseBackup.vcproj", "{67FEC012-1F38-4AF8-8AD1-3AFE486D1F97}"
	ProjectSection(ProjectDependencies) = postProject
		{25B367F1-CE0D-4F8F-907B-B99243CAC141} = {25B367F1-CE0D-4F8F-907B-B99243CAC141}
	EndProjectSection
EndProject
Project("{8BC9CEB8-8B4A-11D0-8D11-00A0C91BC942}") = "bootstrap_storage", "bootstrap.vcproj", "{CB8655A7-BFF1-48D0-9597-F3BA3CC346F3}"
	ProjectSection(ProjectDependencies) = postProject
		{2F91C041-B33E-45E1-AF14-E52E2A9EFD29} = {2F91C041-B33E-45E1-AF14-E52E2A9EFD29}
		{F70A0EA3-12B7-4715-9AE6-B04A4D10B370} = {F70A0EA3-12B7-4715-9AE6-B04A4D10B370}
		{8C4A87B4-37BF-4A6F-A501-4E758CF8FB33} = {8C4A87B4-37BF-4A6F-A501-4E758CF8FB33}
		{25B367F1-CE0D-4F8F-907B-B99243CAC141} = {25B367F1-CE0D-4F8F-907B-B99243CAC141}
	EndProjectSection
EndProject
Project("{8BC9CEB8-8B4A-11D0-8D11-00A0C91BC942}") = "storageEngineDll", "postgres.vcproj", "{8C4A87B4-37BF-4A6F-A501-4E758CF8FB33}"
	ProjectSection(ProjectDependencies) = postProject
		{2F91C041-B33E-45E1-AF14-E52E2A9EFD29} = {2F91C041-B33E-45E1-AF14-E52E2A9EFD29}
		{25B367F1-CE0D-4F8F-907B-B99243CAC141} = {25B367F1-CE0D-4F8F-907B-B99243CAC141}
	EndProjectSection
EndProject
Project("{8BC9CEB8-8B4A-11D0-8D11-00A0C91BC942}") = "storageEngineLib", "postgreslib.vcproj", "{25B367F1-CE0D-4F8F-907B-B99243CAC141}"
	ProjectSection(ProjectDependencies) = postProject
		{2F91C041-B33E-45E1-AF14-E52E2A9EFD29} = {2F91C041-B33E-45E1-AF14-E52E2A9EFD29}
		{F70A0EA3-12B7-4715-9AE6-B04A4D10B370} = {F70A0EA3-12B7-4715-9AE6-B04A4D10B370}
	EndProjectSection
EndProject
Project("{8BC9CEB8-8B4A-11D0-8D11-00A0C91BC942}") = "testStorageEngineLib", "teststorageEngine.vcproj", "{0E2FA926-C83B-4BEB-AA7C-33294BA8F620}"
	ProjectSection(ProjectDependencies) = postProject
		{2F91C041-B33E-45E1-AF14-E52E2A9EFD29} = {2F91C041-B33E-45E1-AF14-E52E2A9EFD29}
		{F70A0EA3-12B7-4715-9AE6-B04A4D10B370} = {F70A0EA3-12B7-4715-9AE6-B04A4D10B370}
		{8C4A87B4-37BF-4A6F-A501-4E758CF8FB33} = {8C4A87B4-37BF-4A6F-A501-4E758CF8FB33}
		{25B367F1-CE0D-4F8F-907B-B99243CAC141} = {25B367F1-CE0D-4F8F-907B-B99243CAC141}
	EndProjectSection
EndProject
Project("{8BC9CEB8-8B4A-11D0-8D11-00A0C91BC942}") = "testStorageEngineDll", "testStorageEngineDll.vcproj", "{E5F290B8-DBC3-4522-B457-D1D03F3B9DFE}"
	ProjectSection(ProjectDependencies) = postProject
		{2F91C041-B33E-45E1-AF14-E52E2A9EFD29} = {2F91C041-B33E-45E1-AF14-E52E2A9EFD29}
		{F70A0EA3-12B7-4715-9AE6-B04A4D10B370} = {F70A0EA3-12B7-4715-9AE6-B04A4D10B370}
		{8C4A87B4-37BF-4A6F-A501-4E758CF8FB33} = {8C4A87B4-37BF-4A6F-A501-4E758CF8FB33}
		{25B367F1-CE0D-4F8F-907B-B99243CAC141} = {25B367F1-CE0D-4F8F-907B-B99243CAC141}
	EndProjectSection
EndProject
Project("{8BC9CEB8-8B4A-11D0-8D11-00A0C91BC942}") = "Performbdb", "Performbdb\Performbdb.vcproj", "{47941762-6321-4CBC-8375-06A0CD65B51B}"
EndProject
Project("{8BC9CEB8-8B4A-11D0-8D11-00A0C91BC942}") = "Performpg", "Performpg\Performpg.vcproj", "{5BE312CD-83DE-4739-B220-6A19394BBAD0}"
	ProjectSection(ProjectDependencies) = postProject
		{8C4A87B4-37BF-4A6F-A501-4E758CF8FB33} = {8C4A87B4-37BF-4A6F-A501-4E758CF8FB33}
	EndProjectSection
EndProject
Project("{8BC9CEB8-8B4A-11D0-8D11-00A0C91BC942}") = "walreceiver", "walreceiver\walreceiver.vcproj", "{F3215C72-DA86-4235-B228-E1D807E25AB7}"
	ProjectSection(ProjectDependencies) = postProject
		{8C4A87B4-37BF-4A6F-A501-4E758CF8FB33} = {8C4A87B4-37BF-4A6F-A501-4E758CF8FB33}
		{25B367F1-CE0D-4F8F-907B-B99243CAC141} = {25B367F1-CE0D-4F8F-907B-B99243CAC141}
	EndProjectSection
EndProject
Project("{8BC9CEB8-8B4A-11D0-8D11-00A0C91BC942}") = "walsender", "walsender\walsender.vcproj", "{4BE34F14-B342-4D3C-A99A-8C877D1C185C}"
	ProjectSection(ProjectDependencies) = postProject
		{8C4A87B4-37BF-4A6F-A501-4E758CF8FB33} = {8C4A87B4-37BF-4A6F-A501-4E758CF8FB33}
		{25B367F1-CE0D-4F8F-907B-B99243CAC141} = {25B367F1-CE0D-4F8F-907B-B99243CAC141}
	EndProjectSection
EndProject
Project("{8BC9CEB8-8B4A-11D0-8D11-00A0C91BC942}") = "CommonUtils", "..\..\solution\win\CommonUtils.vcproj", "{F70A0EA3-12B7-4715-9AE6-B04A4D10B370}"
EndProject
Project("{8BC9CEB8-8B4A-11D0-8D11-00A0C91BC942}") = "pthread", "pthread\pthread.vcproj", "{2F91C041-B33E-45E1-AF14-E52E2A9EFD29}"
EndProject
Global
	GlobalSection(SolutionConfigurationPlatforms) = preSolution
		Debug|Win32 = Debug|Win32
		Debug|Win64 = Debug|Win64
		Debug|x64 = Debug|x64
		Release|Win32 = Release|Win32
		Release|Win64 = Release|Win64
		Release|x64 = Release|x64
	EndGlobalSection
	GlobalSection(ProjectConfigurationPlatforms) = postSolution
		{67FEC012-1F38-4AF8-8AD1-3AFE486D1F97}.Debug|Win32.ActiveCfg = Debug|Win32
		{67FEC012-1F38-4AF8-8AD1-3AFE486D1F97}.Debug|Win32.Build.0 = Debug|Win32
		{67FEC012-1F38-4AF8-8AD1-3AFE486D1F97}.Debug|Win64.ActiveCfg = Debug|x64
		{67FEC012-1F38-4AF8-8AD1-3AFE486D1F97}.Debug|Win64.Build.0 = Debug|x64
		{67FEC012-1F38-4AF8-8AD1-3AFE486D1F97}.Debug|x64.ActiveCfg = Debug|x64
		{67FEC012-1F38-4AF8-8AD1-3AFE486D1F97}.Debug|x64.Build.0 = Debug|x64
		{67FEC012-1F38-4AF8-8AD1-3AFE486D1F97}.Release|Win32.ActiveCfg = Release|Win32
		{67FEC012-1F38-4AF8-8AD1-3AFE486D1F97}.Release|Win32.Build.0 = Release|Win32
		{67FEC012-1F38-4AF8-8AD1-3AFE486D1F97}.Release|Win64.ActiveCfg = Release|x64
		{67FEC012-1F38-4AF8-8AD1-3AFE486D1F97}.Release|Win64.Build.0 = Release|x64
		{67FEC012-1F38-4AF8-8AD1-3AFE486D1F97}.Release|x64.ActiveCfg = Release|x64
		{67FEC012-1F38-4AF8-8AD1-3AFE486D1F97}.Release|x64.Build.0 = Release|x64
		{CB8655A7-BFF1-48D0-9597-F3BA3CC346F3}.Debug|Win32.ActiveCfg = Debug|Win32
		{CB8655A7-BFF1-48D0-9597-F3BA3CC346F3}.Debug|Win32.Build.0 = Debug|Win32
		{CB8655A7-BFF1-48D0-9597-F3BA3CC346F3}.Debug|Win64.ActiveCfg = Debug|x64
		{CB8655A7-BFF1-48D0-9597-F3BA3CC346F3}.Debug|Win64.Build.0 = Debug|x64
		{CB8655A7-BFF1-48D0-9597-F3BA3CC346F3}.Debug|x64.ActiveCfg = Debug|x64
		{CB8655A7-BFF1-48D0-9597-F3BA3CC346F3}.Debug|x64.Build.0 = Debug|x64
		{CB8655A7-BFF1-48D0-9597-F3BA3CC346F3}.Release|Win32.ActiveCfg = Release|Win32
		{CB8655A7-BFF1-48D0-9597-F3BA3CC346F3}.Release|Win32.Build.0 = Release|Win32
		{CB8655A7-BFF1-48D0-9597-F3BA3CC346F3}.Release|Win64.ActiveCfg = Release|x64
		{CB8655A7-BFF1-48D0-9597-F3BA3CC346F3}.Release|Win64.Build.0 = Release|x64
		{CB8655A7-BFF1-48D0-9597-F3BA3CC346F3}.Release|x64.ActiveCfg = Release|x64
		{CB8655A7-BFF1-48D0-9597-F3BA3CC346F3}.Release|x64.Build.0 = Release|x64
		{8C4A87B4-37BF-4A6F-A501-4E758CF8FB33}.Debug|Win32.ActiveCfg = Debug|Win32
		{8C4A87B4-37BF-4A6F-A501-4E758CF8FB33}.Debug|Win32.Build.0 = Debug|Win32
		{8C4A87B4-37BF-4A6F-A501-4E758CF8FB33}.Debug|Win64.ActiveCfg = Debug|x64
		{8C4A87B4-37BF-4A6F-A501-4E758CF8FB33}.Debug|Win64.Build.0 = Debug|x64
		{8C4A87B4-37BF-4A6F-A501-4E758CF8FB33}.Debug|x64.ActiveCfg = Debug|x64
		{8C4A87B4-37BF-4A6F-A501-4E758CF8FB33}.Debug|x64.Build.0 = Debug|x64
		{8C4A87B4-37BF-4A6F-A501-4E758CF8FB33}.Release|Win32.ActiveCfg = Release|Win32
		{8C4A87B4-37BF-4A6F-A501-4E758CF8FB33}.Release|Win32.Build.0 = Release|Win32
		{8C4A87B4-37BF-4A6F-A501-4E758CF8FB33}.Release|Win64.ActiveCfg = Release|Win32
		{8C4A87B4-37BF-4A6F-A501-4E758CF8FB33}.Release|x64.ActiveCfg = Release|x64
		{8C4A87B4-37BF-4A6F-A501-4E758CF8FB33}.Release|x64.Build.0 = Release|x64
		{25B367F1-CE0D-4F8F-907B-B99243CAC141}.Debug|Win32.ActiveCfg = Debug|Win32
		{25B367F1-CE0D-4F8F-907B-B99243CAC141}.Debug|Win32.Build.0 = Debug|Win32
		{25B367F1-CE0D-4F8F-907B-B99243CAC141}.Debug|Win64.ActiveCfg = Debug|x64
		{25B367F1-CE0D-4F8F-907B-B99243CAC141}.Debug|Win64.Build.0 = Debug|x64
		{25B367F1-CE0D-4F8F-907B-B99243CAC141}.Debug|x64.ActiveCfg = Debug|x64
		{25B367F1-CE0D-4F8F-907B-B99243CAC141}.Debug|x64.Build.0 = Debug|x64
		{25B367F1-CE0D-4F8F-907B-B99243CAC141}.Release|Win32.ActiveCfg = Release|Win32
		{25B367F1-CE0D-4F8F-907B-B99243CAC141}.Release|Win32.Build.0 = Release|Win32
		{25B367F1-CE0D-4F8F-907B-B99243CAC141}.Release|Win64.ActiveCfg = Release|x64
		{25B367F1-CE0D-4F8F-907B-B99243CAC141}.Release|Win64.Build.0 = Release|x64
		{25B367F1-CE0D-4F8F-907B-B99243CAC141}.Release|x64.ActiveCfg = Release|x64
		{25B367F1-CE0D-4F8F-907B-B99243CAC141}.Release|x64.Build.0 = Release|x64
		{0E2FA926-C83B-4BEB-AA7C-33294BA8F620}.Debug|Win32.ActiveCfg = Debug|Win32
		{0E2FA926-C83B-4BEB-AA7C-33294BA8F620}.Debug|Win32.Build.0 = Debug|Win32
		{0E2FA926-C83B-4BEB-AA7C-33294BA8F620}.Debug|Win64.ActiveCfg = Debug|x64
		{0E2FA926-C83B-4BEB-AA7C-33294BA8F620}.Debug|Win64.Build.0 = Debug|x64
		{0E2FA926-C83B-4BEB-AA7C-33294BA8F620}.Debug|x64.ActiveCfg = Debug|x64
		{0E2FA926-C83B-4BEB-AA7C-33294BA8F620}.Debug|x64.Build.0 = Debug|x64
		{0E2FA926-C83B-4BEB-AA7C-33294BA8F620}.Release|Win32.ActiveCfg = Release|Win32
		{0E2FA926-C83B-4BEB-AA7C-33294BA8F620}.Release|Win32.Build.0 = Release|Win32
		{0E2FA926-C83B-4BEB-AA7C-33294BA8F620}.Release|Win64.ActiveCfg = Release|Win32
		{0E2FA926-C83B-4BEB-AA7C-33294BA8F620}.Release|x64.ActiveCfg = Release|x64
		{0E2FA926-C83B-4BEB-AA7C-33294BA8F620}.Release|x64.Build.0 = Release|x64
		{E5F290B8-DBC3-4522-B457-D1D03F3B9DFE}.Debug|Win32.ActiveCfg = Debug|Win32
		{E5F290B8-DBC3-4522-B457-D1D03F3B9DFE}.Debug|Win32.Build.0 = Debug|Win32
		{E5F290B8-DBC3-4522-B457-D1D03F3B9DFE}.Debug|Win64.ActiveCfg = Debug|x64
		{E5F290B8-DBC3-4522-B457-D1D03F3B9DFE}.Debug|Win64.Build.0 = Debug|x64
		{E5F290B8-DBC3-4522-B457-D1D03F3B9DFE}.Debug|x64.ActiveCfg = Debug|x64
		{E5F290B8-DBC3-4522-B457-D1D03F3B9DFE}.Debug|x64.Build.0 = Debug|x64
		{E5F290B8-DBC3-4522-B457-D1D03F3B9DFE}.Release|Win32.ActiveCfg = Release|Win32
		{E5F290B8-DBC3-4522-B457-D1D03F3B9DFE}.Release|Win32.Build.0 = Release|Win32
		{E5F290B8-DBC3-4522-B457-D1D03F3B9DFE}.Release|Win64.ActiveCfg = Release|Win32
		{E5F290B8-DBC3-4522-B457-D1D03F3B9DFE}.Release|x64.ActiveCfg = Release|x64
		{E5F290B8-DBC3-4522-B457-D1D03F3B9DFE}.Release|x64.Build.0 = Release|x64
		{47941762-6321-4CBC-8375-06A0CD65B51B}.Debug|Win32.ActiveCfg = Debug|Win32
		{47941762-6321-4CBC-8375-06A0CD65B51B}.Debug|Win32.Build.0 = Debug|Win32
		{47941762-6321-4CBC-8375-06A0CD65B51B}.Debug|Win64.ActiveCfg = Debug|x64
		{47941762-6321-4CBC-8375-06A0CD65B51B}.Debug|Win64.Build.0 = Debug|x64
		{47941762-6321-4CBC-8375-06A0CD65B51B}.Debug|x64.ActiveCfg = Debug|x64
		{47941762-6321-4CBC-8375-06A0CD65B51B}.Debug|x64.Build.0 = Debug|x64
		{47941762-6321-4CBC-8375-06A0CD65B51B}.Release|Win32.ActiveCfg = Release|Win32
		{47941762-6321-4CBC-8375-06A0CD65B51B}.Release|Win32.Build.0 = Release|Win32
		{47941762-6321-4CBC-8375-06A0CD65B51B}.Release|Win64.ActiveCfg = Release|x64
		{47941762-6321-4CBC-8375-06A0CD65B51B}.Release|Win64.Build.0 = Release|x64
		{47941762-6321-4CBC-8375-06A0CD65B51B}.Release|x64.ActiveCfg = Release|x64
		{47941762-6321-4CBC-8375-06A0CD65B51B}.Release|x64.Build.0 = Release|x64
		{5BE312CD-83DE-4739-B220-6A19394BBAD0}.Debug|Win32.ActiveCfg = Debug|Win32
		{5BE312CD-83DE-4739-B220-6A19394BBAD0}.Debug|Win32.Build.0 = Debug|Win32
		{5BE312CD-83DE-4739-B220-6A19394BBAD0}.Debug|Win64.ActiveCfg = Debug|x64
		{5BE312CD-83DE-4739-B220-6A19394BBAD0}.Debug|Win64.Build.0 = Debug|x64
		{5BE312CD-83DE-4739-B220-6A19394BBAD0}.Debug|x64.ActiveCfg = Debug|x64
		{5BE312CD-83DE-4739-B220-6A19394BBAD0}.Debug|x64.Build.0 = Debug|x64
		{5BE312CD-83DE-4739-B220-6A19394BBAD0}.Release|Win32.ActiveCfg = Release|Win32
		{5BE312CD-83DE-4739-B220-6A19394BBAD0}.Release|Win32.Build.0 = Release|Win32
		{5BE312CD-83DE-4739-B220-6A19394BBAD0}.Release|Win64.ActiveCfg = Release|x64
		{5BE312CD-83DE-4739-B220-6A19394BBAD0}.Release|Win64.Build.0 = Release|x64
		{5BE312CD-83DE-4739-B220-6A19394BBAD0}.Release|x64.ActiveCfg = Release|x64
		{5BE312CD-83DE-4739-B220-6A19394BBAD0}.Release|x64.Build.0 = Release|x64
		{F3215C72-DA86-4235-B228-E1D807E25AB7}.Debug|Win32.ActiveCfg = Debug|Win32
		{F3215C72-DA86-4235-B228-E1D807E25AB7}.Debug|Win32.Build.0 = Debug|Win32
		{F3215C72-DA86-4235-B228-E1D807E25AB7}.Debug|Win64.ActiveCfg = Debug|x64
		{F3215C72-DA86-4235-B228-E1D807E25AB7}.Debug|Win64.Build.0 = Debug|x64
		{F3215C72-DA86-4235-B228-E1D807E25AB7}.Debug|x64.ActiveCfg = Debug|x64
		{F3215C72-DA86-4235-B228-E1D807E25AB7}.Debug|x64.Build.0 = Debug|x64
		{F3215C72-DA86-4235-B228-E1D807E25AB7}.Release|Win32.ActiveCfg = Release|Win32
		{F3215C72-DA86-4235-B228-E1D807E25AB7}.Release|Win32.Build.0 = Release|Win32
		{F3215C72-DA86-4235-B228-E1D807E25AB7}.Release|Win64.ActiveCfg = Release|Win32
		{F3215C72-DA86-4235-B228-E1D807E25AB7}.Release|x64.ActiveCfg = Release|Win32
		{4BE34F14-B342-4D3C-A99A-8C877D1C185C}.Debug|Win32.ActiveCfg = Debug|Win32
		{4BE34F14-B342-4D3C-A99A-8C877D1C185C}.Debug|Win32.Build.0 = Debug|Win32
		{4BE34F14-B342-4D3C-A99A-8C877D1C185C}.Debug|Win64.ActiveCfg = Debug|x64
		{4BE34F14-B342-4D3C-A99A-8C877D1C185C}.Debug|Win64.Build.0 = Debug|x64
		{4BE34F14-B342-4D3C-A99A-8C877D1C185C}.Debug|x64.ActiveCfg = Debug|x64
		{4BE34F14-B342-4D3C-A99A-8C877D1C185C}.Debug|x64.Build.0 = Debug|x64
		{4BE34F14-B342-4D3C-A99A-8C877D1C185C}.Release|Win32.ActiveCfg = Release|Win32
		{4BE34F14-B342-4D3C-A99A-8C877D1C185C}.Release|Win32.Build.0 = Release|Win32
		{4BE34F14-B342-4D3C-A99A-8C877D1C185C}.Release|Win64.ActiveCfg = Release|Win32
		{4BE34F14-B342-4D3C-A99A-8C877D1C185C}.Release|x64.ActiveCfg = Release|Win32
		{F70A0EA3-12B7-4715-9AE6-B04A4D10B370}.Debug|Win32.ActiveCfg = Debug|Win32
		{F70A0EA3-12B7-4715-9AE6-B04A4D10B370}.Debug|Win32.Build.0 = Debug|Win32
		{F70A0EA3-12B7-4715-9AE6-B04A4D10B370}.Debug|Win64.ActiveCfg = Debug|x64
		{F70A0EA3-12B7-4715-9AE6-B04A4D10B370}.Debug|Win64.Build.0 = Debug|x64
		{F70A0EA3-12B7-4715-9AE6-B04A4D10B370}.Debug|x64.ActiveCfg = Debug|x64
		{F70A0EA3-12B7-4715-9AE6-B04A4D10B370}.Debug|x64.Build.0 = Debug|x64
		{F70A0EA3-12B7-4715-9AE6-B04A4D10B370}.Release|Win32.ActiveCfg = Release|Win32
		{F70A0EA3-12B7-4715-9AE6-B04A4D10B370}.Release|Win32.Build.0 = Release|Win32
		{F70A0EA3-12B7-4715-9AE6-B04A4D10B370}.Release|Win64.ActiveCfg = Release|Win32
		{F70A0EA3-12B7-4715-9AE6-B04A4D10B370}.Release|x64.ActiveCfg = Release|x64
		{F70A0EA3-12B7-4715-9AE6-B04A4D10B370}.Release|x64.Build.0 = Release|x64
		{2F91C041-B33E-45E1-AF14-E52E2A9EFD29}.Debug|Win32.ActiveCfg = Debug|Win32
		{2F91C041-B33E-45E1-AF14-E52E2A9EFD29}.Debug|Win32.Build.0 = Debug|Win32
		{2F91C041-B33E-45E1-AF14-E52E2A9EFD29}.Debug|Win64.ActiveCfg = Debug|x64
		{2F91C041-B33E-45E1-AF14-E52E2A9EFD29}.Debug|Win64.Build.0 = Debug|x64
		{2F91C041-B33E-45E1-AF14-E52E2A9EFD29}.Debug|x64.ActiveCfg = Debug|x64
		{2F91C041-B33E-45E1-AF14-E52E2A9EFD29}.Debug|x64.Build.0 = Debug|x64
		{2F91C041-B33E-45E1-AF14-E52E2A9EFD29}.Release|Win32.ActiveCfg = Release|Win32
		{2F91C041-B33E-45E1-AF14-E52E2A9EFD29}.Release|Win32.Build.0 = Release|Win32
		{2F91C041-B33E-45E1-AF14-E52E2A9EFD29}.Release|Win64.ActiveCfg = Release|Win32
		{2F91C041-B33E-45E1-AF14-E52E2A9EFD29}.Release|x64.ActiveCfg = Release|Win32
	EndGlobalSection
	GlobalSection(SolutionProperties) = preSolution
		HideSolutionNode = FALSE
	EndGlobalSection
	GlobalSection(DPCodeReviewSolutionGUID) = preSolution
		DPCodeReviewSolutionGUID = {00000000-0000-0000-0000-000000000000}
	EndGlobalSection
EndGlobal
